
Microsoft Visual Studio Solution File, Format Version 12.00
# Visual Studio 15
VisualStudioVersion = 15.0.28307.779
MinimumVisualStudioVersion = 10.0.40219.1
Project("{FAE04EC0-301F-11D3-BF4B-00C04F79EFBC}") = "ToDo.Android", "ToDo\ToDo.Android\ToDo.Android.csproj", "{42501B20-BE76-4E8D-9577-01AB1F445FCC}"
EndProject
Project("{FAE04EC0-301F-11D3-BF4B-00C04F79EFBC}") = "ToDo.iOS", "ToDo\ToDo.iOS\ToDo.iOS.csproj", "{8FEAF263-1433-4D3E-B757-DA513BDD9E8F}"
EndProject
Project("{FAE04EC0-301F-11D3-BF4B-00C04F79EFBC}") = "ToDo.UWP", "ToDo\ToDo.UWP\ToDo.UWP.csproj", "{4EE65B7C-79F7-4D53-9E85-93EB3C49F4FB}"
EndProject
Project("{FAE04EC0-301F-11D3-BF4B-00C04F79EFBC}") = "ToDo", "ToDo\ToDo\ToDo.csproj", "{B46C561D-B17A-4985-99F4-C5C4FF9211B3}"
EndProject
Global
	GlobalSection(SolutionConfigurationPlatforms) = preSolution
		Debug|Any CPU = Debug|Any CPU
		Debug|ARM = Debug|ARM
		Debug|iPhone = Debug|iPhone
		Debug|iPhoneSimulator = Debug|iPhoneSimulator
		Debug|x64 = Debug|x64
		Debug|x86 = Debug|x86
		Release|Any CPU = Release|Any CPU
		Release|ARM = Release|ARM
		Release|iPhone = Release|iPhone
		Release|iPhoneSimulator = Release|iPhoneSimulator
		Release|x64 = Release|x64
		Release|x86 = Release|x86
	EndGlobalSection
	GlobalSection(ProjectConfigurationPlatforms) = postSolution
		{42501B20-BE76-4E8D-9577-01AB1F445FCC}.Debug|Any CPU.ActiveCfg = Debug|Any CPU
		{42501B20-BE76-4E8D-9577-01AB1F445FCC}.Debug|Any CPU.Build.0 = Debug|Any CPU
		{42501B20-BE76-4E8D-9577-01AB1F445FCC}.Debug|Any CPU.Deploy.0 = Debug|Any CPU
		{42501B20-BE76-4E8D-9577-01AB1F445FCC}.Debug|ARM.ActiveCfg = Debug|Any CPU
		{42501B20-BE76-4E8D-9577-01AB1F445FCC}.Debug|ARM.Build.0 = Debug|Any CPU
		{42501B20-BE76-4E8D-9577-01AB1F445FCC}.Debug|ARM.Deploy.0 = Debug|Any CPU
		{42501B20-BE76-4E8D-9577-01AB1F445FCC}.Debug|iPhone.ActiveCfg = Debug|Any CPU
		{42501B20-BE76-4E8D-9577-01AB1F445FCC}.Debug|iPhone.Build.0 = Debug|Any CPU
		{42501B20-BE76-4E8D-9577-01AB1F445FCC}.Debug|iPhone.Deploy.0 = Debug|Any CPU
		{42501B20-BE76-4E8D-9577-01AB1F445FCC}.Debug|iPhoneSimulator.ActiveCfg = Debug|Any CPU
		{42501B20-BE76-4E8D-9577-01AB1F445FCC}.Debug|iPhoneSimulator.Build.0 = Debug|Any CPU
		{42501B20-BE76-4E8D-9577-01AB1F445FCC}.Debug|iPhoneSimulator.Deploy.0 = Debug|Any CPU
		{42501B20-BE76-4E8D-9577-01AB1F445FCC}.Debug|x64.ActiveCfg = Debug|Any CPU
		{42501B20-BE76-4E8D-9577-01AB1F445FCC}.Debug|x64.Build.0 = Debug|Any CPU
		{42501B20-BE76-4E8D-9577-01AB1F445FCC}.Debug|x64.Deploy.0 = Debug|Any CPU
		{42501B20-BE76-4E8D-9577-01AB1F445FCC}.Debug|x86.ActiveCfg = Debug|Any CPU
		{42501B20-BE76-4E8D-9577-01AB1F445FCC}.Debug|x86.Build.0 = Debug|Any CPU
		{42501B20-BE76-4E8D-9577-01AB1F445FCC}.Debug|x86.Deploy.0 = Debug|Any CPU
		{42501B20-BE76-4E8D-9577-01AB1F445FCC}.Release|Any CPU.ActiveCfg = Release|Any CPU
		{42501B20-BE76-4E8D-9577-01AB1F445FCC}.Release|Any CPU.Build.0 = Release|Any CPU
		{42501B20-BE76-4E8D-9577-01AB1F445FCC}.Release|Any CPU.Deploy.0 = Release|Any CPU
		{42501B20-BE76-4E8D-9577-01AB1F445FCC}.Release|ARM.ActiveCfg = Release|Any CPU
		{42501B20-BE76-4E8D-9577-01AB1F445FCC}.Release|ARM.Build.0 = Release|Any CPU
		{42501B20-BE76-4E8D-9577-01AB1F445FCC}.Release|ARM.Deploy.0 = Release|Any CPU
		{42501B20-BE76-4E8D-9577-01AB1F445FCC}.Release|iPhone.ActiveCfg = Release|Any CPU
		{42501B20-BE76-4E8D-9577-01AB1F445FCC}.Release|iPhone.Build.0 = Release|Any CPU
		{42501B20-BE76-4E8D-9577-01AB1F445FCC}.Release|iPhone.Deploy.0 = Release|Any CPU
		{42501B20-BE76-4E8D-9577-01AB1F445FCC}.Release|iPhoneSimulator.ActiveCfg = Release|Any CPU
		{42501B20-BE76-4E8D-9577-01AB1F445FCC}.Release|iPhoneSimulator.Build.0 = Release|Any CPU
		{42501B20-BE76-4E8D-9577-01AB1F445FCC}.Release|iPhoneSimulator.Deploy.0 = Release|Any CPU
		{42501B20-BE76-4E8D-9577-01AB1F445FCC}.Release|x64.ActiveCfg = Release|Any CPU
		{42501B20-BE76-4E8D-9577-01AB1F445FCC}.Release|x64.Build.0 = Release|Any CPU
		{42501B20-BE76-4E8D-9577-01AB1F445FCC}.Release|x64.Deploy.0 = Release|Any CPU
		{42501B20-BE76-4E8D-9577-01AB1F445FCC}.Release|x86.ActiveCfg = Release|Any CPU
		{42501B20-BE76-4E8D-9577-01AB1F445FCC}.Release|x86.Build.0 = Release|Any CPU
		{42501B20-BE76-4E8D-9577-01AB1F445FCC}.Release|x86.Deploy.0 = Release|Any CPU
		{8FEAF263-1433-4D3E-B757-DA513BDD9E8F}.Debug|Any CPU.ActiveCfg = Debug|iPhoneSimulator
		{8FEAF263-1433-4D3E-B757-DA513BDD9E8F}.Debug|Any CPU.Build.0 = Debug|iPhoneSimulator
		{8FEAF263-1433-4D3E-B757-DA513BDD9E8F}.Debug|Any CPU.Deploy.0 = Debug|iPhoneSimulator
		{8FEAF263-1433-4D3E-B757-DA513BDD9E8F}.Debug|ARM.ActiveCfg = Debug|iPhone
		{8FEAF263-1433-4D3E-B757-DA513BDD9E8F}.Debug|ARM.Build.0 = Debug|iPhone
		{8FEAF263-1433-4D3E-B757-DA513BDD9E8F}.Debug|ARM.Deploy.0 = Debug|iPhone
		{8FEAF263-1433-4D3E-B757-DA513BDD9E8F}.Debug|iPhone.ActiveCfg = Debug|iPhone
		{8FEAF263-1433-4D3E-B757-DA513BDD9E8F}.Debug|iPhone.Build.0 = Debug|iPhone
		{8FEAF263-1433-4D3E-B757-DA513BDD9E8F}.Debug|iPhone.Deploy.0 = Debug|iPhone
		{8FEAF263-1433-4D3E-B757-DA513BDD9E8F}.Debug|iPhoneSimulator.ActiveCfg = Debug|iPhoneSimulator
		{8FEAF263-1433-4D3E-B757-DA513BDD9E8F}.Debug|iPhoneSimulator.Build.0 = Debug|iPhoneSimulator
		{8FEAF263-1433-4D3E-B757-DA513BDD9E8F}.Debug|iPhoneSimulator.Deploy.0 = Debug|iPhoneSimulator
		{8FEAF263-1433-4D3E-B757-DA513BDD9E8F}.Debug|x64.ActiveCfg = Debug|iPhone
		{8FEAF263-1433-4D3E-B757-DA513BDD9E8F}.Debug|x64.Build.0 = Debug|iPhone
		{8FEAF263-1433-4D3E-B757-DA513BDD9E8F}.Debug|x64.Deploy.0 = Debug|iPhone
		{8FEAF263-1433-4D3E-B757-DA513BDD9E8F}.Debug|x86.ActiveCfg = Debug|iPhone
		{8FEAF263-1433-4D3E-B757-DA513BDD9E8F}.Debug|x86.Build.0 = Debug|iPhone
		{8FEAF263-1433-4D3E-B757-DA513BDD9E8F}.Debug|x86.Deploy.0 = Debug|iPhone
		{8FEAF263-1433-4D3E-B757-DA513BDD9E8F}.Release|Any CPU.ActiveCfg = Release|iPhone
		{8FEAF263-1433-4D3E-B757-DA513BDD9E8F}.Release|Any CPU.Build.0 = Release|iPhone
		{8FEAF263-1433-4D3E-B757-DA513BDD9E8F}.Release|Any CPU.Deploy.0 = Release|iPhone
		{8FEAF263-1433-4D3E-B757-DA513BDD9E8F}.Release|ARM.ActiveCfg = Release|iPhone
		{8FEAF263-1433-4D3E-B757-DA513BDD9E8F}.Release|ARM.Build.0 = Release|iPhone
		{8FEAF263-1433-4D3E-B757-DA513BDD9E8F}.Release|ARM.Deploy.0 = Release|iPhone
		{8FEAF263-1433-4D3E-B757-DA513BDD9E8F}.Release|iPhone.ActiveCfg = Release|iPhone
		{8FEAF263-1433-4D3E-B757-DA513BDD9E8F}.Release|iPhone.Build.0 = Release|iPhone
		{8FEAF263-1433-4D3E-B757-DA513BDD9E8F}.Release|iPhone.Deploy.0 = Release|iPhone
		{8FEAF263-1433-4D3E-B757-DA513BDD9E8F}.Release|iPhoneSimulator.ActiveCfg = Release|iPhoneSimulator
		{8FEAF263-1433-4D3E-B757-DA513BDD9E8F}.Release|iPhoneSimulator.Build.0 = Release|iPhoneSimulator
		{8FEAF263-1433-4D3E-B757-DA513BDD9E8F}.Release|iPhoneSimulator.Deploy.0 = Release|iPhoneSimulator
		{8FEAF263-1433-4D3E-B757-DA513BDD9E8F}.Release|x64.ActiveCfg = Release|iPhone
		{8FEAF263-1433-4D3E-B757-DA513BDD9E8F}.Release|x64.Build.0 = Release|iPhone
		{8FEAF263-1433-4D3E-B757-DA513BDD9E8F}.Release|x64.Deploy.0 = Release|iPhone
		{8FEAF263-1433-4D3E-B757-DA513BDD9E8F}.Release|x86.ActiveCfg = Release|iPhone
		{8FEAF263-1433-4D3E-B757-DA513BDD9E8F}.Release|x86.Build.0 = Release|iPhone
		{8FEAF263-1433-4D3E-B757-DA513BDD9E8F}.Release|x86.Deploy.0 = Release|iPhone
		{4EE65B7C-79F7-4D53-9E85-93EB3C49F4FB}.Debug|Any CPU.ActiveCfg = Debug|x86
		{4EE65B7C-79F7-4D53-9E85-93EB3C49F4FB}.Debug|Any CPU.Build.0 = Debug|x86
		{4EE65B7C-79F7-4D53-9E85-93EB3C49F4FB}.Debug|Any CPU.Deploy.0 = Debug|x86
		{4EE65B7C-79F7-4D53-9E85-93EB3C49F4FB}.Debug|ARM.ActiveCfg = Debug|ARM
		{4EE65B7C-79F7-4D53-9E85-93EB3C49F4FB}.Debug|ARM.Build.0 = Debug|ARM
		{4EE65B7C-79F7-4D53-9E85-93EB3C49F4FB}.Debug|ARM.Deploy.0 = Debug|ARM
		{4EE65B7C-79F7-4D53-9E85-93EB3C49F4FB}.Debug|iPhone.ActiveCfg = Debug|x86
		{4EE65B7C-79F7-4D53-9E85-93EB3C49F4FB}.Debug|iPhone.Build.0 = Debug|x86
		{4EE65B7C-79F7-4D53-9E85-93EB3C49F4FB}.Debug|iPhone.Deploy.0 = Debug|x86
		{4EE65B7C-79F7-4D53-9E85-93EB3C49F4FB}.Debug|iPhoneSimulator.ActiveCfg = Debug|x86
		{4EE65B7C-79F7-4D53-9E85-93EB3C49F4FB}.Debug|iPhoneSimulator.Build.0 = Debug|x86
		{4EE65B7C-79F7-4D53-9E85-93EB3C49F4FB}.Debug|iPhoneSimulator.Deploy.0 = Debug|x86
		{4EE65B7C-79F7-4D53-9E85-93EB3C49F4FB}.Debug|x64.ActiveCfg = Debug|x64
		{4EE65B7C-79F7-4D53-9E85-93EB3C49F4FB}.Debug|x64.Build.0 = Debug|x64
		{4EE65B7C-79F7-4D53-9E85-93EB3C49F4FB}.Debug|x64.Deploy.0 = Debug|x64
		{4EE65B7C-79F7-4D53-9E85-93EB3C49F4FB}.Debug|x86.ActiveCfg = Debug|x86
		{4EE65B7C-79F7-4D53-9E85-93EB3C49F4FB}.Debug|x86.Build.0 = Debug|x86
		{4EE65B7C-79F7-4D53-9E85-93EB3C49F4FB}.Debug|x86.Deploy.0 = Debug|x86
		{4EE65B7C-79F7-4D53-9E85-93EB3C49F4FB}.Release|Any CPU.ActiveCfg = Release|x86
		{4EE65B7C-79F7-4D53-9E85-93EB3C49F4FB}.Release|Any CPU.Build.0 = Release|x86
		{4EE65B7C-79F7-4D53-9E85-93EB3C49F4FB}.Release|Any CPU.Deploy.0 = Release|x86
		{4EE65B7C-79F7-4D53-9E85-93EB3C49F4FB}.Release|ARM.ActiveCfg = Release|ARM
		{4EE65B7C-79F7-4D53-9E85-93EB3C49F4FB}.Release|ARM.Build.0 = Release|ARM
		{4EE65B7C-79F7-4D53-9E85-93EB3C49F4FB}.Release|ARM.Deploy.0 = Release|ARM
		{4EE65B7C-79F7-4D53-9E85-93EB3C49F4FB}.Release|iPhone.ActiveCfg = Release|x86
		{4EE65B7C-79F7-4D53-9E85-93EB3C49F4FB}.Release|iPhone.Build.0 = Release|x86
		{4EE65B7C-79F7-4D53-9E85-93EB3C49F4FB}.Release|iPhone.Deploy.0 = Release|x86
		{4EE65B7C-79F7-4D53-9E85-93EB3C49F4FB}.Release|iPhoneSimulator.ActiveCfg = Release|x86
		{4EE65B7C-79F7-4D53-9E85-93EB3C49F4FB}.Release|iPhoneSimulator.Build.0 = Release|x86
		{4EE65B7C-79F7-4D53-9E85-93EB3C49F4FB}.Release|iPhoneSimulator.Deploy.0 = Release|x86
		{4EE65B7C-79F7-4D53-9E85-93EB3C49F4FB}.Release|x64.ActiveCfg = Release|x64
		{4EE65B7C-79F7-4D53-9E85-93EB3C49F4FB}.Release|x64.Build.0 = Release|x64
		{4EE65B7C-79F7-4D53-9E85-93EB3C49F4FB}.Release|x64.Deploy.0 = Release|x64
		{4EE65B7C-79F7-4D53-9E85-93EB3C49F4FB}.Release|x86.ActiveCfg = Release|x86
		{4EE65B7C-79F7-4D53-9E85-93EB3C49F4FB}.Release|x86.Build.0 = Release|x86
		{4EE65B7C-79F7-4D53-9E85-93EB3C49F4FB}.Release|x86.Deploy.0 = Release|x86
		{B46C561D-B17A-4985-99F4-C5C4FF9211B3}.Debug|Any CPU.ActiveCfg = Debug|Any CPU
		{B46C561D-B17A-4985-99F4-C5C4FF9211B3}.Debug|Any CPU.Build.0 = Debug|Any CPU
		{B46C561D-B17A-4985-99F4-C5C4FF9211B3}.Debug|Any CPU.Deploy.0 = Debug|Any CPU
		{B46C561D-B17A-4985-99F4-C5C4FF9211B3}.Debug|ARM.ActiveCfg = Debug|Any CPU
		{B46C561D-B17A-4985-99F4-C5C4FF9211B3}.Debug|ARM.Build.0 = Debug|Any CPU
		{B46C561D-B17A-4985-99F4-C5C4FF9211B3}.Debug|ARM.Deploy.0 = Debug|Any CPU
		{B46C561D-B17A-4985-99F4-C5C4FF9211B3}.Debug|iPhone.ActiveCfg = Debug|Any CPU
		{B46C561D-B17A-4985-99F4-C5C4FF9211B3}.Debug|iPhone.Build.0 = Debug|Any CPU
		{B46C561D-B17A-4985-99F4-C5C4FF9211B3}.Debug|iPhone.Deploy.0 = Debug|Any CPU
		{B46C561D-B17A-4985-99F4-C5C4FF9211B3}.Debug|iPhoneSimulator.ActiveCfg = Debug|Any CPU
		{B46C561D-B17A-4985-99F4-C5C4FF9211B3}.Debug|iPhoneSimulator.Build.0 = Debug|Any CPU
		{B46C561D-B17A-4985-99F4-C5C4FF9211B3}.Debug|iPhoneSimulator.Deploy.0 = Debug|Any CPU
		{B46C561D-B17A-4985-99F4-C5C4FF9211B3}.Debug|x64.ActiveCfg = Debug|Any CPU
		{B46C561D-B17A-4985-99F4-C5C4FF9211B3}.Debug|x64.Build.0 = Debug|Any CPU
		{B46C561D-B17A-4985-99F4-C5C4FF9211B3}.Debug|x64.Deploy.0 = Debug|Any CPU
		{B46C561D-B17A-4985-99F4-C5C4FF9211B3}.Debug|x86.ActiveCfg = Debug|Any CPU
		{B46C561D-B17A-4985-99F4-C5C4FF9211B3}.Debug|x86.Build.0 = Debug|Any CPU
		{B46C561D-B17A-4985-99F4-C5C4FF9211B3}.Debug|x86.Deploy.0 = Debug|Any CPU
		{B46C561D-B17A-4985-99F4-C5C4FF9211B3}.Release|Any CPU.ActiveCfg = Release|Any CPU
		{B46C561D-B17A-4985-99F4-C5C4FF9211B3}.Release|Any CPU.Build.0 = Release|Any CPU
		{B46C561D-B17A-4985-99F4-C5C4FF9211B3}.Release|Any CPU.Deploy.0 = Release|Any CPU
		{B46C561D-B17A-4985-99F4-C5C4FF9211B3}.Release|ARM.ActiveCfg = Release|Any CPU
		{B46C561D-B17A-4985-99F4-C5C4FF9211B3}.Release|ARM.Build.0 = Release|Any CPU
		{B46C561D-B17A-4985-99F4-C5C4FF9211B3}.Release|ARM.Deploy.0 = Release|Any CPU
		{B46C561D-B17A-4985-99F4-C5C4FF9211B3}.Release|iPhone.ActiveCfg = Release|Any CPU
		{B46C561D-B17A-4985-99F4-C5C4FF9211B3}.Release|iPhone.Build.0 = Release|Any CPU
		{B46C561D-B17A-4985-99F4-C5C4FF9211B3}.Release|iPhone.Deploy.0 = Release|Any CPU
		{B46C561D-B17A-4985-99F4-C5C4FF9211B3}.Release|iPhoneSimulator.ActiveCfg = Release|Any CPU
		{B46C561D-B17A-4985-99F4-C5C4FF9211B3}.Release|iPhoneSimulator.Build.0 = Release|Any CPU
		{B46C561D-B17A-4985-99F4-C5C4FF9211B3}.Release|iPhoneSimulator.Deploy.0 = Release|Any CPU
		{B46C561D-B17A-4985-99F4-C5C4FF9211B3}.Release|x64.ActiveCfg = Release|Any CPU
		{B46C561D-B17A-4985-99F4-C5C4FF9211B3}.Release|x64.Build.0 = Release|Any CPU
		{B46C561D-B17A-4985-99F4-C5C4FF9211B3}.Release|x64.Deploy.0 = Release|Any CPU
		{B46C561D-B17A-4985-99F4-C5C4FF9211B3}.Release|x86.ActiveCfg = Release|Any CPU
		{B46C561D-B17A-4985-99F4-C5C4FF9211B3}.Release|x86.Build.0 = Release|Any CPU
		{B46C561D-B17A-4985-99F4-C5C4FF9211B3}.Release|x86.Deploy.0 = Release|Any CPU
	EndGlobalSection
	GlobalSection(SolutionProperties) = preSolution
		HideSolutionNode = FALSE
	EndGlobalSection
	GlobalSection(ExtensibilityGlobals) = postSolution
		SolutionGuid = {FB5FCE06-370D-4E36-8C8D-75ACF8485665}
	EndGlobalSection
EndGlobal
